github.com/google/go-cmp v0.5.9 h1:O2Tfq5qg4qc4AmwVlvv0oLiVAGB7enBSJ2x2DqQFi38=
github.com/openfaas/faas-provider v0.21.0 h1:rnTy1Gpx+0YvqriQD8miQ2DfpOJXYZbV3VMqe8ri5lc=
github.com/openfaas/faas-provider v0.21.0/go.mod h1:Farrp+9Med8LeK3aoYpqplMP8f5ebTILbCSLg2LPLZk=
github.com/openfaas/go-sdk v0.0.1 h1:oxJFfAwGzv/Rrju5/CfsYVld962PvR9VvCzB63JWjKs=
github.com/openfaas/go-sdk v0.0.1/go.mod h1:s/hynJo/zyl2u82N9hleeMHHfDyZQExKCHU0WIe4RJs=
github.com/sethvargo/go-password v0.2.0 h1:BTDl4CC/gjf/axHMaDQtw507ogrXLci6XRiLc7i/UHI=
github.com/sethvargo/go-password v0.2.0/go.mod h1:Ym4Mr9JXLBycr02MFuVQ/0JHidNetSgbzutTr3zsYXE=
